
Microsoft Visual Studio Solution File, Format Version 12.00
# Visual Studio Version 16
VisualStudioVersion = 16.0.31729.503
MinimumVisualStudioVersion = 10.0.40219.1
Project("{FAE04EC0-301F-11D3-BF4B-00C04F79EFBC}") = "HRMS", "HRMS\HRMS.csproj", "{DEBC1DE2-4D29-450E-BDE5-19BC467D09CF}"
EndProject
Global
	GlobalSection(SolutionConfigurationPlatforms) = preSolution
		Debug|Any CPU = Debug|Any CPU
		Release|Any CPU = Release|Any CPU
	EndGlobalSection
	GlobalSection(ProjectConfigurationPlatforms) = postSolution
		{DEBC1DE2-4D29-450E-BDE5-19BC467D09CF}.Debug|Any CPU.ActiveCfg = Debug|Any CPU
		{DEBC1DE2-4D29-450E-BDE5-19BC467D09CF}.Debug|Any CPU.Build.0 = Debug|Any CPU
		{DEBC1DE2-4D29-450E-BDE5-19BC467D09CF}.Release|Any CPU.ActiveCfg = Release|Any CPU
		{DEBC1DE2-4D29-450E-BDE5-19BC467D09CF}.Release|Any CPU.Build.0 = Release|Any CPU
	EndGlobalSection
	GlobalSection(SolutionProperties) = preSolution
		HideSolutionNode = FALSE
	EndGlobalSection
	GlobalSection(ExtensibilityGlobals) = postSolution
		SolutionGuid = {6E1AE7ED-B1E6-4776-95DC-1B56E7693D6C}
	EndGlobalSection
EndGlobal
